// !$*UTF8*$!
{
	archiveVersion = 1;
	classes = {
	};
	objectVersion = 46;
	objects = {

/* Begin PBXBuildFile section */
		B1ADA3B51A7C229200060EC8 /* main.m in Sources */ = {isa = PBXBuildFile; fileRef = B1ADA3B41A7C229200060EC8 /* main.m */; };
		B1ADA3B81A7C229200060EC8 /* AppDelegate.m in Sources */ = {isa = PBXBuildFile; fileRef = B1ADA3B71A7C229200060EC8 /* AppDelegate.m */; };
		B1ADA3BB1A7C229200060EC8 /* ViewController.m in Sources */ = {isa = PBXBuildFile; fileRef = B1ADA3BA1A7C229200060EC8 /* ViewController.m */; };
		B1ADA3BE1A7C229200060EC8 /* Main.storyboard in Resources */ = {isa = PBXBuildFile; fileRef = B1ADA3BC1A7C229200060EC8 /* Main.storyboard */; };
		B1ADA3C01A7C229200060EC8 /* Images.xcassets in Resources */ = {isa = PBXBuildFile; fileRef = B1ADA3BF1A7C229200060EC8 /* Images.xcassets */; };
		B1ADA3C31A7C229200060EC8 /* LaunchScreen.xib in Resources */ = {isa = PBXBuildFile; fileRef = B1ADA3C11A7C229200060EC8 /* LaunchScreen.xib */; };
		B1ADA3CF1A7C229200060EC8 /* FlowDemo_wbenTests.m in Sources */ = {isa = PBXBuildFile; fileRef = B1ADA3CE1A7C229200060EC8 /* FlowDemo_wbenTests.m */; };
/* End PBXBuildFile section */

/* Begin PBXContainerItemProxy section */
		B1ADA3C91A7C229200060EC8 /* PBXContainerItemProxy */ = {
			isa = PBXContainerItemProxy;
			containerPortal = B1ADA3A71A7C229200060EC8 /* Project object */;
			proxyType = 1;
			remoteGlobalIDString = B1ADA3AE1A7C229200060EC8;
			remoteInfo = FlowDemo_wben;
		};
/* End PBXContainerItemProxy section */

/* Begin PBXFileReference section */
		B1ADA3AF1A7C229200060EC8 /* FlowDemo_wben.app */ = {isa = PBXFileReference; explicitFileType = wrapper.application; includeInIndex = 0; path = FlowDemo_wben.app; sourceTree = BUILT_PRODUCTS_DIR; };
		B1ADA3B31A7C229200060EC8 /* Info.plist */ = {isa = PBXFileReference; lastKnownFileType = text.plist.xml; path = Info.plist; sourceTree = "<group>"; };
		B1ADA3B41A7C229200060EC8 /* main.m */ = {isa = PBXFileReference; lastKnownFileType = sourcecode.c.objc; path = main.m; sourceTree = "<group>"; };
		B1ADA3B61A7C229200060EC8 /* AppDelegate.h */ = {isa = PBXFileReference; lastKnownFileType = sourcecode.c.h; path = AppDelegate.h; sourceTree = "<group>"; };
		B1ADA3B71A7C229200060EC8 /* AppDelegate.m */ = {isa = PBXFileReference; lastKnownFileType = sourcecode.c.objc; path = AppDelegate.m; sourceTree = "<group>"; };
		B1ADA3B91A7C229200060EC8 /* ViewController.h */ = {isa = PBXFileReference; lastKnownFileType = sourcecode.c.h; path = ViewController.h; sourceTree = "<group>"; };
		B1ADA3BA1A7C229200060EC8 /* ViewController.m */ = {isa = PBXFileReference; lastKnownFileType = sourcecode.c.objc; path = ViewController.m; sourceTree = "<group>"; };
		B1ADA3BD1A7C229200060EC8 /* Base */ = {isa = PBXFileReference; lastKnownFileType = file.storyboard; name = Base; path = Base.lproj/Main.storyboard; sourceTree = "<group>"; };
		B1ADA3BF1A7C229200060EC8 /* Images.xcassets */ = {isa = PBXFileReference; lastKnownFileType = folder.assetcatalog; path = Images.xcassets; sourceTree = "<group>"; };
		B1ADA3C21A7C229200060EC8 /* Base */ = {isa = PBXFileReference; lastKnownFileType = file.xib; name = Base; path = Base.lproj/LaunchScreen.xib; sourceTree = "<group>"; };
		B1ADA3C81A7C229200060EC8 /* FlowDemo_wbenTests.xctest */ = {isa = PBXFileReference; explicitFileType = wrapper.cfbundle; includeInIndex = 0; path = FlowDemo_wbenTests.xctest; sourceTree = BUILT_PRODUCTS_DIR; };
		B1ADA3CD1A7C229200060EC8 /* Info.plist */ = {isa = PBXFileReference; lastKnownFileType = text.plist.xml; path = Info.plist; sourceTree = "<group>"; };
		B1ADA3CE1A7C229200060EC8 /* FlowDemo_wbenTests.m */ = {isa = PBXFileReference; lastKnownFileType = sourcecode.c.objc; path = FlowDemo_wbenTests.m; sourceTree = "<group>"; };
/* End PBXFileReference section */

/* Begin PBXFrameworksBuildPhase section */
		B1ADA3AC1A7C229200060EC8 /* Frameworks */ = {
			isa = PBXFrameworksBuildPhase;
			buildActionMask = 2147483647;
			files = (
			);
			runOnlyForDeploymentPostprocessing = 0;
		};
		B1ADA3C51A7C229200060EC8 /* Frameworks */ = {
			isa = PBXFrameworksBuildPhase;
			buildActionMask = 2147483647;
			files = (
			);
			runOnlyForDeploymentPostprocessing = 0;
		};
/* End PBXFrameworksBuildPhase section */

/* Begin PBXGroup section */
		B1ADA3A61A7C229200060EC8 = {
			isa = PBXGroup;
			children = (
				B1ADA3B11A7C229200060EC8 /* FlowDemo_wben */,
				B1ADA3CB1A7C229200060EC8 /* FlowDemo_wbenTests */,
				B1ADA3B01A7C229200060EC8 /* Products */,
			);
			sourceTree = "<group>";
		};
		B1ADA3B01A7C229200060EC8 /* Products */ = {
			isa = PBXGroup;
			children = (
				B1ADA3AF1A7C229200060EC8 /* FlowDemo_wben.app */,
				B1ADA3C81A7C229200060EC8 /* FlowDemo_wbenTests.xctest */,
			);
			name = Products;
			sourceTree = "<group>";
		};
		B1ADA3B11A7C229200060EC8 /* FlowDemo_wben */ = {
			isa = PBXGroup;
			children = (
				B1ADA3B61A7C229200060EC8 /* AppDelegate.h */,
				B1ADA3B71A7C229200060EC8 /* AppDelegate.m */,
				B1ADA3B91A7C229200060EC8 /* ViewController.h */,
				B1ADA3BA1A7C229200060EC8 /* ViewController.m */,
				B1ADA3BC1A7C229200060EC8 /* Main.storyboard */,
				B1ADA3BF1A7C229200060EC8 /* Images.xcassets */,
				B1ADA3C11A7C229200060EC8 /* LaunchScreen.xib */,
				B1ADA3B21A7C229200060EC8 /* Supporting Files */,
			);
			path = FlowDemo_wben;
			sourceTree = "<group>";
		};
		B1ADA3B21A7C229200060EC8 /* Supporting Files */ = {
			isa = PBXGroup;
			children = (
				B1ADA3B31A7C229200060EC8 /* Info.plist */,
				B1ADA3B41A7C229200060EC8 /* main.m */,
			);
			name = "Supporting Files";
			sourceTree = "<group>";
		};
		B1ADA3CB1A7C229200060EC8 /* FlowDemo_wbenTests */ = {
			isa = PBXGroup;
			children = (
				B1ADA3CE1A7C229200060EC8 /* FlowDemo_wbenTests.m */,
				B1ADA3CC1A7C229200060EC8 /* Supporting Files */,
			);
			path = FlowDemo_wbenTests;
			sourceTree = "<group>";
		};
		B1ADA3CC1A7C229200060EC8 /* Supporting Files */ = {
			isa = PBXGroup;
			children = (
				B1ADA3CD1A7C229200060EC8 /* Info.plist */,
			);
			name = "Supporting Files";
			sourceTree = "<group>";
		};
/* End PBXGroup section */

/* Begin PBXNativeTarget section */
		B1ADA3AE1A7C229200060EC8 /* FlowDemo_wben */ = {
			isa = PBXNativeTarget;
			buildConfigurationList = B1ADA3D21A7C229200060EC8 /* Build configuration list for PBXNativeTarget "FlowDemo_wben" */;
			buildPhases = (
				B1ADA3AB1A7C229200060EC8 /* Sources */,
				B1ADA3AC1A7C229200060EC8 /* Frameworks */,
				B1ADA3AD1A7C229200060EC8 /* Resources */,
			);
			buildRules = (
			);
			dependencies = (
			);
			name = FlowDemo_wben;
			productName = FlowDemo_wben;
			productReference = B1ADA3AF1A7C229200060EC8 /* FlowDemo_wben.app */;
			productType = "com.apple.product-type.application";
		};
		B1ADA3C71A7C229200060EC8 /* FlowDemo_wbenTests */ = {
			isa = PBXNativeTarget;
			buildConfigurationList = B1ADA3D51A7C229200060EC8 /* Build configuration list for PBXNativeTarget "FlowDemo_wbenTests" */;
			buildPhases = (
				B1ADA3C41A7C229200060EC8 /* Sources */,
				B1ADA3C51A7C229200060EC8 /* Frameworks */,
				B1ADA3C61A7C229200060EC8 /* Resources */,
			);
			buildRules = (
			);
			dependencies = (
				B1ADA3CA1A7C229200060EC8 /* PBXTargetDependency */,
			);
			name = FlowDemo_wbenTests;
			productName = FlowDemo_wbenTests;
			productReference = B1ADA3C81A7C229200060EC8 /* FlowDemo_wbenTests.xctest */;
			productType = "com.apple.product-type.bundle.unit-test";
		};
/* End PBXNativeTarget section */

/* Begin PBXProject section */
		B1ADA3A71A7C229200060EC8 /* Project object */ = {
			isa = PBXProject;
			attributes = {
				LastUpgradeCheck = 0610;
				ORGANIZATIONNAME = MobileMakers;
				TargetAttributes = {
					B1ADA3AE1A7C229200060EC8 = {
						CreatedOnToolsVersion = 6.1.1;
					};
					B1ADA3C71A7C229200060EC8 = {
						CreatedOnToolsVersion = 6.1.1;
						TestTargetID = B1ADA3AE1A7C229200060EC8;
					};
				};
			};
			buildConfigurationList = B1ADA3AA1A7C229200060EC8 /* Build configuration list for PBXProject "FlowDemo_wben" */;
			compatibilityVersion = "Xcode 3.2";
			developmentRegion = English;
			hasScannedForEncodings = 0;
			knownRegions = (
				en,
				Base,
			);
			mainGroup = B1ADA3A61A7C229200060EC8;
			productRefGroup = B1ADA3B01A7C229200060EC8 /* Products */;
			projectDirPath = "";
			projectRoot = "";
			targets = (
				B1ADA3AE1A7C229200060EC8 /* FlowDemo_wben */,
				B1ADA3C71A7C229200060EC8 /* FlowDemo_wbenTests */,
			);
		};
/* End PBXProject section */

/* Begin PBXResourcesBuildPhase section */
		B1ADA3AD1A7C229200060EC8 /* Resources */ = {
			isa = PBXResourcesBuildPhase;
			buildActionMask = 2147483647;
			files = (
				B1ADA3BE1A7C229200060EC8 /* Main.storyboard in Resources */,
				B1ADA3C31A7C229200060EC8 /* LaunchScreen.xib in Resources */,
				B1ADA3C01A7C229200060EC8 /* Images.xcassets in Resources */,
			);
			runOnlyForDeploymentPostprocessing = 0;
		};
		B1ADA3C61A7C229200060EC8 /* Resources */ = {
			isa = PBXResourcesBuildPhase;
			buildActionMask = 2147483647;
			files = (
			);
			runOnlyForDeploymentPostprocessing = 0;
		};
/* End PBXResourcesBuildPhase section */

/* Begin PBXSourcesBuildPhase section */
		B1ADA3AB1A7C229200060EC8 /* Sources */ = {
			isa = PBXSourcesBuildPhase;
			buildActionMask = 2147483647;
			files = (
				B1ADA3BB1A7C229200060EC8 /* ViewController.m in Sources */,
				B1ADA3B81A7C229200060EC8 /* AppDelegate.m in Sources */,
				B1ADA3B51A7C229200060EC8 /* main.m in Sources */,
			);
			runOnlyForDeploymentPostprocessing = 0;
		};
		B1ADA3C41A7C229200060EC8 /* Sources */ = {
			isa = PBXSourcesBuildPhase;
			buildActionMask = 2147483647;
			files = (
				B1ADA3CF1A7C229200060EC8 /* FlowDemo_wbenTests.m in Sources */,
			);
			runOnlyForDeploymentPostprocessing = 0;
		};
/* End PBXSourcesBuildPhase section */

/* Begin PBXTargetDependency section */
		B1ADA3CA1A7C229200060EC8 /* PBXTargetDependency */ = {
			isa = PBXTargetDependency;
			target = B1ADA3AE1A7C229200060EC8 /* FlowDemo_wben */;
			targetProxy = B1ADA3C91A7C229200060EC8 /* PBXContainerItemProxy */;
		};
/* End PBXTargetDependency section */

/* Begin PBXVariantGroup section */
		B1ADA3BC1A7C229200060EC8 /* Main.storyboard */ = {
			isa = PBXVariantGroup;
			children = (
				B1ADA3BD1A7C229200060EC8 /* Base */,
			);
			name = Main.storyboard;
			sourceTree = "<group>";
		};
		B1ADA3C11A7C229200060EC8 /* LaunchScreen.xib */ = {
			isa = PBXVariantGroup;
			children = (
				B1ADA3C21A7C229200060EC8 /* Base */,
			);
			name = LaunchScreen.xib;
			sourceTree = "<group>";
		};
/* End PBXVariantGroup section */

/* Begin XCBuildConfiguration section */
		B1ADA3D01A7C229200060EC8 /* Debug */ = {
			isa = XCBuildConfiguration;
			buildSettings = {
				ALWAYS_SEARCH_USER_PATHS = NO;
				CLANG_CXX_LANGUAGE_STANDARD = "gnu++0x";
				CLANG_CXX_LIBRARY = "libc++";
				CLANG_ENABLE_MODULES = YES;
				CLANG_ENABLE_OBJC_ARC = YES;
				CLANG_WARN_BOOL_CONVERSION = YES;
				CLANG_WARN_CONSTANT_CONVERSION = YES;
				CLANG_WARN_DIRECT_OBJC_ISA_USAGE = YES_ERROR;
				CLANG_WARN_EMPTY_BODY = YES;
				CLANG_WARN_ENUM_CONVERSION = YES;
				CLANG_WARN_INT_CONVERSION = YES;
				CLANG_WARN_OBJC_ROOT_CLASS = YES_ERROR;
				CLANG_WARN_UNREACHABLE_CODE = YES;
				CLANG_WARN__DUPLICATE_METHOD_MATCH = YES;
				"CODE_SIGN_IDENTITY[sdk=iphoneos*]" = "iPhone Developer";
				COPY_PHASE_STRIP = NO;
				ENABLE_STRICT_OBJC_MSGSEND = YES;
				GCC_C_LANGUAGE_STANDARD = gnu99;
				GCC_DYNAMIC_NO_PIC = NO;
				GCC_OPTIMIZATION_LEVEL = 0;
				GCC_PREPROCESSOR_DEFINITIONS = (
					"DEBUG=1",
					"$(inherited)",
				);
				GCC_SYMBOLS_PRIVATE_EXTERN = NO;
				GCC_WARN_64_TO_32_BIT_CONVERSION = YES;
				GCC_WARN_ABOUT_RETURN_TYPE = YES_ERROR;
				GCC_WARN_UNDECLARED_SELECTOR = YES;
				GCC_WARN_UNINITIALIZED_AUTOS = YES_AGGRESSIVE;
				GCC_WARN_UNUSED_FUNCTION = YES;
				GCC_WARN_UNUSED_VARIABLE = YES;
				IPHONEOS_DEPLOYMENT_TARGET = 8.1;
				MTL_ENABLE_DEBUG_INFO = YES;
				ONLY_ACTIVE_ARCH = YES;
				SDKROOT = iphoneos;
			};
			name = Debug;
		};
		B1ADA3D11A7C229200060EC8 /* Release */ = {
			isa = XCBuildConfiguration;
			buildSettings = {
				ALWAYS_SEARCH_USER_PATHS = NO;
				CLANG_CXX_LANGUAGE_STANDARD = "gnu++0x";
				CLANG_CXX_LIBRARY = "libc++";
				CLANG_ENABLE_MODULES = YES;
				CLANG_ENABLE_OBJC_ARC = YES;
				CLANG_WARN_BOOL_CONVERSION = YES;
				CLANG_WARN_CONSTANT_CONVERSION = YES;
				CLANG_WARN_DIRECT_OBJC_ISA_USAGE = YES_ERROR;
				CLANG_WARN_EMPTY_BODY = YES;
				CLANG_WARN_ENUM_CONVERSION = YES;
				CLANG_WARN_INT_CONVERSION = YES;
				CLANG_WARN_OBJC_ROOT_CLASS = YES_ERROR;
				CLANG_WARN_UNREACHABLE_CODE = YES;
				CLANG_WARN__DUPLICATE_METHOD_MATCH = YES;
				"CODE_SIGN_IDENTITY[sdk=iphoneos*]" = "iPhone Developer";
				COPY_PHASE_STRIP = YES;
				ENABLE_NS_ASSERTIONS = NO;
				ENABLE_STRICT_OBJC_MSGSEND = YES;
				GCC_C_LANGUAGE_STANDARD = gnu99;
				GCC_WARN_64_TO_32_BIT_CONVERSION = YES;
				GCC_WARN_ABOUT_RETURN_TYPE = YES_ERROR;
				GCC_WARN_UNDECLARED_SELECTOR = YES;
				GCC_WARN_UNINITIALIZED_AUTOS = YES_AGGRESSIVE;
				GCC_WARN_UNUSED_FUNCTION = YES;
				GCC_WARN_UNUSED_VARIABLE = YES;
				IPHONEOS_DEPLOYMENT_TARGET = 8.1;
				MTL_ENABLE_DEBUG_INFO = NO;
				SDKROOT = iphoneos;
				VALIDATE_PRODUCT = YES;
			};
			name = Release;
		};
		B1ADA3D31A7C229200060EC8 /* Debug */ = {
			isa = XCBuildConfiguration;
			buildSettings = {
				ASSETCATALOG_COMPILER_APPICON_NAME = AppIcon;
				INFOPLIST_FILE = FlowDemo_wben/Info.plist;
				LD_RUNPATH_SEARCH_PATHS = "$(inherited) @executable_path/Frameworks";
				PRODUCT_NAME = "$(TARGET_NAME)";
			};
			name = Debug;
		};
		B1ADA3D41A7C229200060EC8 /* Release */ = {
			isa = XCBuildConfiguration;
			buildSettings = {
				ASSETCATALOG_COMPILER_APPICON_NAME = AppIcon;
				INFOPLIST_FILE = FlowDemo_wben/Info.plist;
				LD_RUNPATH_SEARCH_PATHS = "$(inherited) @executable_path/Frameworks";
				PRODUCT_NAME = "$(TARGET_NAME)";
			};
			name = Release;
		};
		B1ADA3D61A7C229200060EC8 /* Debug */ = {
			isa = XCBuildConfiguration;
			buildSettings = {
				BUNDLE_LOADER = "$(TEST_HOST)";
				FRAMEWORK_SEARCH_PATHS = (
					"$(SDKROOT)/Developer/Library/Frameworks",
					"$(inherited)",
				);
				GCC_PREPROCESSOR_DEFINITIONS = (
					"DEBUG=1",
					"$(inherited)",
				);
				INFOPLIST_FILE = FlowDemo_wbenTests/Info.plist;
				LD_RUNPATH_SEARCH_PATHS = "$(inherited) @executable_path/Frameworks @loader_path/Frameworks";
				PRODUCT_NAME = "$(TARGET_NAME)";
				TEST_HOST = "$(BUILT_PRODUCTS_DIR)/FlowDemo_wben.app/FlowDemo_wben";
			};
			name = Debug;
		};
		B1ADA3D71A7C229200060EC8 /* Release */ = {
			isa = XCBuildConfiguration;
			buildSettings = {
				BUNDLE_LOADER = "$(TEST_HOST)";
				FRAMEWORK_SEARCH_PATHS = (
					"$(SDKROOT)/Developer/Library/Frameworks",
					"$(inherited)",
				);
				INFOPLIST_FILE = FlowDemo_wbenTests/Info.plist;
				LD_RUNPATH_SEARCH_PATHS = "$(inherited) @executable_path/Frameworks @loader_path/Frameworks";
				PRODUCT_NAME = "$(TARGET_NAME)";
				TEST_HOST = "$(BUILT_PRODUCTS_DIR)/FlowDemo_wben.app/FlowDemo_wben";
			};
			name = Release;
		};
/* End XCBuildConfiguration section */

/* Begin XCConfigurationList section */
		B1ADA3AA1A7C229200060EC8 /* Build configuration list for PBXProject "FlowDemo_wben" */ = {
			isa = XCConfigurationList;
			buildConfigurations = (
				B1ADA3D01A7C229200060EC8 /* Debug */,
				B1ADA3D11A7C229200060EC8 /* Release */,
			);
			defaultConfigurationIsVisible = 0;
			defaultConfigurationName = Release;
		};
		B1ADA3D21A7C229200060EC8 /* Build configuration list for PBXNativeTarget "FlowDemo_wben" */ = {
			isa = XCConfigurationList;
			buildConfigurations = (
				B1ADA3D31A7C229200060EC8 /* Debug */,
				B1ADA3D41A7C229200060EC8 /* Release */,
			);
			defaultConfigurationIsVisible = 0;
		};
		B1ADA3D51A7C229200060EC8 /* Build configuration list for PBXNativeTarget "FlowDemo_wbenTests" */ = {
			isa = XCConfigurationList;
			buildConfigurations = (
				B1ADA3D61A7C229200060EC8 /* Debug */,
				B1ADA3D71A7C229200060EC8 /* Release */,
			);
			defaultConfigurationIsVisible = 0;
		};
/* End XCConfigurationList section */
	};
	rootObject = B1ADA3A71A7C229200060EC8 /* Project object */;
}
